
Microsoft Visual Studio Solution File, Format Version 12.00
# Visual Studio Version 17
VisualStudioVersion = 17.7.34031.279
MinimumVisualStudioVersion = 10.0.40219.1
Project("{2150E333-8FDC-42A3-9474-1A3956D46DE8}") = "CQRS-ES", "CQRS-ES", "{FE3EB78B-467A-4D58-B726-57204C76463C}"
EndProject
Project("{2150E333-8FDC-42A3-9474-1A3956D46DE8}") = "CQRS.Core", "CQRS.Core", "{219B5EBE-6A8A-4B11-9412-4191006D2E0F}"
EndProject
Project("{FAE04EC0-301F-11D3-BF4B-00C04F79EFBC}") = "CQRS.Core", "CQRS-ES\CQRS.Core\CQRS.Core.csproj", "{3DA681AA-A583-40B8-9832-7FBE9DE78E9D}"
EndProject
Project("{2150E333-8FDC-42A3-9474-1A3956D46DE8}") = "SM.Post", "SM.Post", "{F069C148-789D-40ED-A262-5DA96F9D9B40}"
EndProject
Project("{2150E333-8FDC-42A3-9474-1A3956D46DE8}") = "Post.Cmd", "Post.Cmd", "{98B5617E-FFFF-4DF9-B59C-245856425D09}"
EndProject
Project("{FAE04EC0-301F-11D3-BF4B-00C04F79EFBC}") = "Post.Cmd.Api", "Post.Cmd\Post.Cmd.Api\Post.Cmd.Api.csproj", "{D10C709E-1D4D-42DE-8FA2-4240216B9F62}"
EndProject
Project("{FAE04EC0-301F-11D3-BF4B-00C04F79EFBC}") = "Post.Cmd.Domain", "Post.Cmd\Post.Cmd.Domain\Post.Cmd.Domain.csproj", "{9E6213F3-69D5-4C2F-B2B3-9906592D106E}"
EndProject
Project("{FAE04EC0-301F-11D3-BF4B-00C04F79EFBC}") = "Post.Cmd.Infrastructure", "Post.Cmd\Post.Cmd.Infrastructure\Post.Cmd.Infrastructure.csproj", "{261989F0-458C-4E02-ABD5-F035501E00DA}"
EndProject
Project("{2150E333-8FDC-42A3-9474-1A3956D46DE8}") = "Post.Query", "Post.Query", "{715D22D8-D6B9-44E4-BADB-A217A62F7E13}"
EndProject
Project("{FAE04EC0-301F-11D3-BF4B-00C04F79EFBC}") = "Post.Query.Api", "Post.Query\Post.Query.Api\Post.Query.Api.csproj", "{2B5FE137-B4D3-42DF-B1C8-67E3E0D555DA}"
EndProject
Project("{FAE04EC0-301F-11D3-BF4B-00C04F79EFBC}") = "Post.Query.Domain", "Post.Query\Post.Query.Domain\Post.Query.Domain.csproj", "{F8274BC0-D1F0-4643-995D-D1902FFC37C4}"
EndProject
Project("{FAE04EC0-301F-11D3-BF4B-00C04F79EFBC}") = "Post.Query.Infrastructure", "Post.Query\Post.Query.Infrastructure\Post.Query.Infrastructure.csproj", "{1AA5C7AF-DB73-4665-AF47-D068E2097532}"
EndProject
Project("{2150E333-8FDC-42A3-9474-1A3956D46DE8}") = "Post.Common", "Post.Common", "{60BAF2C8-0936-455F-A44E-DE840468D711}"
EndProject
Project("{FAE04EC0-301F-11D3-BF4B-00C04F79EFBC}") = "Post.Common", "Post.Common\Post.Common.csproj", "{FE9FDCC7-BA03-404F-843D-CE32239B6955}"
EndProject
Global
	GlobalSection(SolutionConfigurationPlatforms) = preSolution
		Debug|Any CPU = Debug|Any CPU
		Release|Any CPU = Release|Any CPU
	EndGlobalSection
	GlobalSection(ProjectConfigurationPlatforms) = postSolution
		{3DA681AA-A583-40B8-9832-7FBE9DE78E9D}.Debug|Any CPU.ActiveCfg = Debug|Any CPU
		{3DA681AA-A583-40B8-9832-7FBE9DE78E9D}.Debug|Any CPU.Build.0 = Debug|Any CPU
		{3DA681AA-A583-40B8-9832-7FBE9DE78E9D}.Release|Any CPU.ActiveCfg = Release|Any CPU
		{3DA681AA-A583-40B8-9832-7FBE9DE78E9D}.Release|Any CPU.Build.0 = Release|Any CPU
		{D10C709E-1D4D-42DE-8FA2-4240216B9F62}.Debug|Any CPU.ActiveCfg = Debug|Any CPU
		{D10C709E-1D4D-42DE-8FA2-4240216B9F62}.Debug|Any CPU.Build.0 = Debug|Any CPU
		{D10C709E-1D4D-42DE-8FA2-4240216B9F62}.Release|Any CPU.ActiveCfg = Release|Any CPU
		{D10C709E-1D4D-42DE-8FA2-4240216B9F62}.Release|Any CPU.Build.0 = Release|Any CPU
		{9E6213F3-69D5-4C2F-B2B3-9906592D106E}.Debug|Any CPU.ActiveCfg = Debug|Any CPU
		{9E6213F3-69D5-4C2F-B2B3-9906592D106E}.Debug|Any CPU.Build.0 = Debug|Any CPU
		{9E6213F3-69D5-4C2F-B2B3-9906592D106E}.Release|Any CPU.ActiveCfg = Release|Any CPU
		{9E6213F3-69D5-4C2F-B2B3-9906592D106E}.Release|Any CPU.Build.0 = Release|Any CPU
		{261989F0-458C-4E02-ABD5-F035501E00DA}.Debug|Any CPU.ActiveCfg = Debug|Any CPU
		{261989F0-458C-4E02-ABD5-F035501E00DA}.Debug|Any CPU.Build.0 = Debug|Any CPU
		{261989F0-458C-4E02-ABD5-F035501E00DA}.Release|Any CPU.ActiveCfg = Release|Any CPU
		{261989F0-458C-4E02-ABD5-F035501E00DA}.Release|Any CPU.Build.0 = Release|Any CPU
		{2B5FE137-B4D3-42DF-B1C8-67E3E0D555DA}.Debug|Any CPU.ActiveCfg = Debug|Any CPU
		{2B5FE137-B4D3-42DF-B1C8-67E3E0D555DA}.Debug|Any CPU.Build.0 = Debug|Any CPU
		{2B5FE137-B4D3-42DF-B1C8-67E3E0D555DA}.Release|Any CPU.ActiveCfg = Release|Any CPU
		{2B5FE137-B4D3-42DF-B1C8-67E3E0D555DA}.Release|Any CPU.Build.0 = Release|Any CPU
		{F8274BC0-D1F0-4643-995D-D1902FFC37C4}.Debug|Any CPU.ActiveCfg = Debug|Any CPU
		{F8274BC0-D1F0-4643-995D-D1902FFC37C4}.Debug|Any CPU.Build.0 = Debug|Any CPU
		{F8274BC0-D1F0-4643-995D-D1902FFC37C4}.Release|Any CPU.ActiveCfg = Release|Any CPU
		{F8274BC0-D1F0-4643-995D-D1902FFC37C4}.Release|Any CPU.Build.0 = Release|Any CPU
		{1AA5C7AF-DB73-4665-AF47-D068E2097532}.Debug|Any CPU.ActiveCfg = Debug|Any CPU
		{1AA5C7AF-DB73-4665-AF47-D068E2097532}.Debug|Any CPU.Build.0 = Debug|Any CPU
		{1AA5C7AF-DB73-4665-AF47-D068E2097532}.Release|Any CPU.ActiveCfg = Release|Any CPU
		{1AA5C7AF-DB73-4665-AF47-D068E2097532}.Release|Any CPU.Build.0 = Release|Any CPU
		{FE9FDCC7-BA03-404F-843D-CE32239B6955}.Debug|Any CPU.ActiveCfg = Debug|Any CPU
		{FE9FDCC7-BA03-404F-843D-CE32239B6955}.Debug|Any CPU.Build.0 = Debug|Any CPU
		{FE9FDCC7-BA03-404F-843D-CE32239B6955}.Release|Any CPU.ActiveCfg = Release|Any CPU
		{FE9FDCC7-BA03-404F-843D-CE32239B6955}.Release|Any CPU.Build.0 = Release|Any CPU
	EndGlobalSection
	GlobalSection(SolutionProperties) = preSolution
		HideSolutionNode = FALSE
	EndGlobalSection
	GlobalSection(NestedProjects) = preSolution
		{219B5EBE-6A8A-4B11-9412-4191006D2E0F} = {FE3EB78B-467A-4D58-B726-57204C76463C}
		{3DA681AA-A583-40B8-9832-7FBE9DE78E9D} = {219B5EBE-6A8A-4B11-9412-4191006D2E0F}
		{98B5617E-FFFF-4DF9-B59C-245856425D09} = {F069C148-789D-40ED-A262-5DA96F9D9B40}
		{D10C709E-1D4D-42DE-8FA2-4240216B9F62} = {98B5617E-FFFF-4DF9-B59C-245856425D09}
		{9E6213F3-69D5-4C2F-B2B3-9906592D106E} = {98B5617E-FFFF-4DF9-B59C-245856425D09}
		{261989F0-458C-4E02-ABD5-F035501E00DA} = {98B5617E-FFFF-4DF9-B59C-245856425D09}
		{715D22D8-D6B9-44E4-BADB-A217A62F7E13} = {F069C148-789D-40ED-A262-5DA96F9D9B40}
		{2B5FE137-B4D3-42DF-B1C8-67E3E0D555DA} = {715D22D8-D6B9-44E4-BADB-A217A62F7E13}
		{F8274BC0-D1F0-4643-995D-D1902FFC37C4} = {715D22D8-D6B9-44E4-BADB-A217A62F7E13}
		{1AA5C7AF-DB73-4665-AF47-D068E2097532} = {715D22D8-D6B9-44E4-BADB-A217A62F7E13}
		{60BAF2C8-0936-455F-A44E-DE840468D711} = {F069C148-789D-40ED-A262-5DA96F9D9B40}
		{FE9FDCC7-BA03-404F-843D-CE32239B6955} = {60BAF2C8-0936-455F-A44E-DE840468D711}
	EndGlobalSection
	GlobalSection(ExtensibilityGlobals) = postSolution
		SolutionGuid = {60CD40C8-8E38-4736-B9F0-7AE4FFDA18D9}
	EndGlobalSection
EndGlobal
